
Microsoft Visual Studio Solution File, Format Version 12.00
# Visual Studio 15
VisualStudioVersion = 15.0.27703.2026
MinimumVisualStudioVersion = 10.0.40219.1
Project("{FAE04EC0-301F-11D3-BF4B-00C04F79EFBC}") = "Black Jack Game", "Black Jack Game\Black Jack Game.csproj", "{FEDD0E54-1762-4B51-A726-1742F4D066FA}"
EndProject
Global
	GlobalSection(SolutionConfigurationPlatforms) = preSolution
		Debug|Any CPU = Debug|Any CPU
		Release|Any CPU = Release|Any CPU
	EndGlobalSection
	GlobalSection(ProjectConfigurationPlatforms) = postSolution
		{FEDD0E54-1762-4B51-A726-1742F4D066FA}.Debug|Any CPU.ActiveCfg = Debug|Any CPU
		{FEDD0E54-1762-4B51-A726-1742F4D066FA}.Debug|Any CPU.Build.0 = Debug|Any CPU
		{FEDD0E54-1762-4B51-A726-1742F4D066FA}.Release|Any CPU.ActiveCfg = Release|Any CPU
		{FEDD0E54-1762-4B51-A726-1742F4D066FA}.Release|Any CPU.Build.0 = Release|Any CPU
	EndGlobalSection
	GlobalSection(SolutionProperties) = preSolution
		HideSolutionNode = FALSE
	EndGlobalSection
	GlobalSection(ExtensibilityGlobals) = postSolution
		SolutionGuid = {B30A2DED-2663-4DCC-B918-2776EA3A9696}
	EndGlobalSection
EndGlobal
